
Microsoft Visual Studio Solution File, Format Version 12.00
# Visual Studio 14
VisualStudioVersion = 14.0.25420.1
MinimumVisualStudioVersion = 10.0.40219.1
Project("{FAE04EC0-301F-11D3-BF4B-00C04F79EFBC}") = "Xamarin.Plugins.BarCode.Abstractions", "Xamarin.Plugins.BarCode.Abstractions\Xamarin.Plugins.BarCode.Abstractions.csproj", "{5E9BB37E-A52A-45C1-A2BC-3DA0E184BAF6}"
EndProject
Project("{FAE04EC0-301F-11D3-BF4B-00C04F79EFBC}") = "Xamarin.Plugins.BarCode", "Xamarin.Plugins.BarCode\Xamarin.Plugins.BarCode.csproj", "{C4BCBF91-2B91-4605-B8F7-A60F8E9AD428}"
EndProject
Project("{FAE04EC0-301F-11D3-BF4B-00C04F79EFBC}") = "Xamarin.Plugins.BarCode.Droid3", "Xamarin.Plugins.BarCode.Droid\Xamarin.Plugins.BarCode.Droid3.csproj", "{90A15118-2C55-4AA2-8C6D-0AADAC3ED599}"
EndProject
Global
	GlobalSection(SolutionConfigurationPlatforms) = preSolution
		Debug|Any CPU = Debug|Any CPU
		Release|Any CPU = Release|Any CPU
	EndGlobalSection
	GlobalSection(ProjectConfigurationPlatforms) = postSolution
		{5E9BB37E-A52A-45C1-A2BC-3DA0E184BAF6}.Debug|Any CPU.ActiveCfg = Debug|Any CPU
		{5E9BB37E-A52A-45C1-A2BC-3DA0E184BAF6}.Debug|Any CPU.Build.0 = Debug|Any CPU
		{5E9BB37E-A52A-45C1-A2BC-3DA0E184BAF6}.Release|Any CPU.ActiveCfg = Release|Any CPU
		{5E9BB37E-A52A-45C1-A2BC-3DA0E184BAF6}.Release|Any CPU.Build.0 = Release|Any CPU
		{C4BCBF91-2B91-4605-B8F7-A60F8E9AD428}.Debug|Any CPU.ActiveCfg = Debug|Any CPU
		{C4BCBF91-2B91-4605-B8F7-A60F8E9AD428}.Debug|Any CPU.Build.0 = Debug|Any CPU
		{C4BCBF91-2B91-4605-B8F7-A60F8E9AD428}.Release|Any CPU.ActiveCfg = Release|Any CPU
		{C4BCBF91-2B91-4605-B8F7-A60F8E9AD428}.Release|Any CPU.Build.0 = Release|Any CPU
		{90A15118-2C55-4AA2-8C6D-0AADAC3ED599}.Debug|Any CPU.ActiveCfg = Debug|Any CPU
		{90A15118-2C55-4AA2-8C6D-0AADAC3ED599}.Debug|Any CPU.Build.0 = Debug|Any CPU
		{90A15118-2C55-4AA2-8C6D-0AADAC3ED599}.Release|Any CPU.ActiveCfg = Release|Any CPU
		{90A15118-2C55-4AA2-8C6D-0AADAC3ED599}.Release|Any CPU.Build.0 = Release|Any CPU
	EndGlobalSection
	GlobalSection(SolutionProperties) = preSolution
		HideSolutionNode = FALSE
	EndGlobalSection
	GlobalSection(MonoDevelopProperties) = preSolution
		StartupItem = MonkeyBox.Android.csproj
	EndGlobalSection
EndGlobal
